// !$*UTF8*$!
{
	archiveVersion = 1;
	classes = {
	};
	objectVersion = 50;
	objects = {

/* Begin PBXBuildFile section */
		DAEBCD0F20FCDD6800C716CB /* AppDelegate.swift in Sources */ = {isa = PBXBuildFile; fileRef = DAEBCD0E20FCDD6800C716CB /* AppDelegate.swift */; };
		DAEBCD1620FCDD6A00C716CB /* Assets.xcassets in Resources */ = {isa = PBXBuildFile; fileRef = DAEBCD1520FCDD6A00C716CB /* Assets.xcassets */; };
		DAEBCD1920FCDD6A00C716CB /* LaunchScreen.storyboard in Resources */ = {isa = PBXBuildFile; fileRef = DAEBCD1720FCDD6A00C716CB /* LaunchScreen.storyboard */; };
		DAEBCD2420FCDF5800C716CB /* PureLayout.framework in Frameworks */ = {isa = PBXBuildFile; fileRef = DAEBCD2220FCDF5200C716CB /* PureLayout.framework */; };
		DAEBCD2820FCDFC000C716CB /* FilterListViewController.swift in Sources */ = {isa = PBXBuildFile; fileRef = DAEBCD2720FCDFC000C716CB /* FilterListViewController.swift */; };
		DAEBCD2E20FCFC1500C716CB /* FilterAttribute.swift in Sources */ = {isa = PBXBuildFile; fileRef = DAEBCD2D20FCFC1500C716CB /* FilterAttribute.swift */; };
		DAEBCD3020FCFCF100C716CB /* ParameterAttribute.swift in Sources */ = {isa = PBXBuildFile; fileRef = DAEBCD2F20FCFCF100C716CB /* ParameterAttribute.swift */; };
/* End PBXBuildFile section */

/* Begin PBXFileReference section */
		DAEBCD0B20FCDD6800C716CB /* CIFIlterSampler.app */ = {isa = PBXFileReference; explicitFileType = wrapper.application; includeInIndex = 0; path = CIFIlterSampler.app; sourceTree = BUILT_PRODUCTS_DIR; };
		DAEBCD0E20FCDD6800C716CB /* AppDelegate.swift */ = {isa = PBXFileReference; lastKnownFileType = sourcecode.swift; path = AppDelegate.swift; sourceTree = "<group>"; };
		DAEBCD1520FCDD6A00C716CB /* Assets.xcassets */ = {isa = PBXFileReference; lastKnownFileType = folder.assetcatalog; path = Assets.xcassets; sourceTree = "<group>"; };
		DAEBCD1820FCDD6A00C716CB /* Base */ = {isa = PBXFileReference; lastKnownFileType = file.storyboard; name = Base; path = Base.lproj/LaunchScreen.storyboard; sourceTree = "<group>"; };
		DAEBCD1A20FCDD6A00C716CB /* Info.plist */ = {isa = PBXFileReference; lastKnownFileType = text.plist.xml; path = Info.plist; sourceTree = "<group>"; };
		DAEBCD2220FCDF5200C716CB /* PureLayout.framework */ = {isa = PBXFileReference; lastKnownFileType = wrapper.framework; name = PureLayout.framework; path = Carthage/Build/iOS/PureLayout.framework; sourceTree = "<group>"; };
		DAEBCD2720FCDFC000C716CB /* FilterListViewController.swift */ = {isa = PBXFileReference; lastKnownFileType = sourcecode.swift; path = FilterListViewController.swift; sourceTree = "<group>"; };
		DAEBCD2D20FCFC1500C716CB /* FilterAttribute.swift */ = {isa = PBXFileReference; lastKnownFileType = sourcecode.swift; path = FilterAttribute.swift; sourceTree = "<group>"; };
		DAEBCD2F20FCFCF100C716CB /* ParameterAttribute.swift */ = {isa = PBXFileReference; lastKnownFileType = sourcecode.swift; path = ParameterAttribute.swift; sourceTree = "<group>"; };
/* End PBXFileReference section */

/* Begin PBXFrameworksBuildPhase section */
		DAEBCD0820FCDD6800C716CB /* Frameworks */ = {
			isa = PBXFrameworksBuildPhase;
			buildActionMask = 2147483647;
			files = (
				DAEBCD2420FCDF5800C716CB /* PureLayout.framework in Frameworks */,
			);
			runOnlyForDeploymentPostprocessing = 0;
		};
/* End PBXFrameworksBuildPhase section */

/* Begin PBXGroup section */
		DAEBCD0220FCDD6800C716CB = {
			isa = PBXGroup;
			children = (
				DAEBCD0D20FCDD6800C716CB /* CIFIlterSampler */,
				DAEBCD0C20FCDD6800C716CB /* Products */,
				DAEBCD2120FCDF5200C716CB /* Frameworks */,
			);
			sourceTree = "<group>";
		};
		DAEBCD0C20FCDD6800C716CB /* Products */ = {
			isa = PBXGroup;
			children = (
				DAEBCD0B20FCDD6800C716CB /* CIFIlterSampler.app */,
			);
			name = Products;
			sourceTree = "<group>";
		};
		DAEBCD0D20FCDD6800C716CB /* CIFIlterSampler */ = {
			isa = PBXGroup;
			children = (
				DAEBCD0E20FCDD6800C716CB /* AppDelegate.swift */,
				DAEBCD2720FCDFC000C716CB /* FilterListViewController.swift */,
				DAEBCD2D20FCFC1500C716CB /* FilterAttribute.swift */,
				DAEBCD2F20FCFCF100C716CB /* ParameterAttribute.swift */,
				DAEBCD1520FCDD6A00C716CB /* Assets.xcassets */,
				DAEBCD1720FCDD6A00C716CB /* LaunchScreen.storyboard */,
				DAEBCD1A20FCDD6A00C716CB /* Info.plist */,
			);
			path = CIFIlterSampler;
			sourceTree = "<group>";
		};
		DAEBCD2120FCDF5200C716CB /* Frameworks */ = {
			isa = PBXGroup;
			children = (
				DAEBCD2220FCDF5200C716CB /* PureLayout.framework */,
			);
			name = Frameworks;
			sourceTree = "<group>";
		};
/* End PBXGroup section */

/* Begin PBXNativeTarget section */
		DAEBCD0A20FCDD6800C716CB /* CIFIlterSampler */ = {
			isa = PBXNativeTarget;
			buildConfigurationList = DAEBCD1D20FCDD6A00C716CB /* Build configuration list for PBXNativeTarget "CIFIlterSampler" */;
			buildPhases = (
				DAEBCD0720FCDD6800C716CB /* Sources */,
				DAEBCD0820FCDD6800C716CB /* Frameworks */,
				DAEBCD0920FCDD6800C716CB /* Resources */,
				DAEBCD2020FCDF2700C716CB /* Carthage */,
			);
			buildRules = (
			);
			dependencies = (
			);
			name = CIFIlterSampler;
			productName = CIFIlterSampler;
			productReference = DAEBCD0B20FCDD6800C716CB /* CIFIlterSampler.app */;
			productType = "com.apple.product-type.application";
		};
/* End PBXNativeTarget section */

/* Begin PBXProject section */
		DAEBCD0320FCDD6800C716CB /* Project object */ = {
			isa = PBXProject;
			attributes = {
				LastSwiftUpdateCheck = 1000;
				LastUpgradeCheck = 1000;
				ORGANIZATIONNAME = "Shota Nakagami";
				TargetAttributes = {
					DAEBCD0A20FCDD6800C716CB = {
						CreatedOnToolsVersion = 10.0;
					};
				};
			};
			buildConfigurationList = DAEBCD0620FCDD6800C716CB /* Build configuration list for PBXProject "CIFIlterSampler" */;
			compatibilityVersion = "Xcode 9.3";
			developmentRegion = en;
			hasScannedForEncodings = 0;
			knownRegions = (
				en,
				Base,
			);
			mainGroup = DAEBCD0220FCDD6800C716CB;
			productRefGroup = DAEBCD0C20FCDD6800C716CB /* Products */;
			projectDirPath = "";
			projectRoot = "";
			targets = (
				DAEBCD0A20FCDD6800C716CB /* CIFIlterSampler */,
			);
		};
/* End PBXProject section */

/* Begin PBXResourcesBuildPhase section */
		DAEBCD0920FCDD6800C716CB /* Resources */ = {
			isa = PBXResourcesBuildPhase;
			buildActionMask = 2147483647;
			files = (
				DAEBCD1920FCDD6A00C716CB /* LaunchScreen.storyboard in Resources */,
				DAEBCD1620FCDD6A00C716CB /* Assets.xcassets in Resources */,
			);
			runOnlyForDeploymentPostprocessing = 0;
		};
/* End PBXResourcesBuildPhase section */

/* Begin PBXShellScriptBuildPhase section */
		DAEBCD2020FCDF2700C716CB /* Carthage */ = {
			isa = PBXShellScriptBuildPhase;
			buildActionMask = 2147483647;
			files = (
			);
			inputFileListPaths = (
			);
			inputPaths = (
				"$(SRCROOT)/Carthage/Build/iOS/PureLayout.framework",
			);
			name = Carthage;
			outputFileListPaths = (
			);
			outputPaths = (
			);
			runOnlyForDeploymentPostprocessing = 0;
			shellPath = /bin/sh;
			shellScript = "/usr/local/bin/carthage copy-frameworks\n";
		};
/* End PBXShellScriptBuildPhase section */

/* Begin PBXSourcesBuildPhase section */
		DAEBCD0720FCDD6800C716CB /* Sources */ = {
			isa = PBXSourcesBuildPhase;
			buildActionMask = 2147483647;
			files = (
				DAEBCD3020FCFCF100C716CB /* ParameterAttribute.swift in Sources */,
				DAEBCD2820FCDFC000C716CB /* FilterListViewController.swift in Sources */,
				DAEBCD0F20FCDD6800C716CB /* AppDelegate.swift in Sources */,
				DAEBCD2E20FCFC1500C716CB /* FilterAttribute.swift in Sources */,
			);
			runOnlyForDeploymentPostprocessing = 0;
		};
/* End PBXSourcesBuildPhase section */

/* Begin PBXVariantGroup section */
		DAEBCD1720FCDD6A00C716CB /* LaunchScreen.storyboard */ = {
			isa = PBXVariantGroup;
			children = (
				DAEBCD1820FCDD6A00C716CB /* Base */,
			);
			name = LaunchScreen.storyboard;
			sourceTree = "<group>";
		};
/* End PBXVariantGroup section */

/* Begin XCBuildConfiguration section */
		DAEBCD1B20FCDD6A00C716CB /* Debug */ = {
			isa = XCBuildConfiguration;
			buildSettings = {
				ALWAYS_SEARCH_USER_PATHS = NO;
				CLANG_ANALYZER_NONNULL = YES;
				CLANG_ANALYZER_NUMBER_OBJECT_CONVERSION = YES_AGGRESSIVE;
				CLANG_CXX_LANGUAGE_STANDARD = "gnu++14";
				CLANG_CXX_LIBRARY = "libc++";
				CLANG_ENABLE_MODULES = YES;
				CLANG_ENABLE_OBJC_ARC = YES;
				CLANG_ENABLE_OBJC_WEAK = YES;
				CLANG_WARN_BLOCK_CAPTURE_AUTORELEASING = YES;
				CLANG_WARN_BOOL_CONVERSION = YES;
				CLANG_WARN_COMMA = YES;
				CLANG_WARN_CONSTANT_CONVERSION = YES;
				CLANG_WARN_DEPRECATED_OBJC_IMPLEMENTATIONS = YES;
				CLANG_WARN_DIRECT_OBJC_ISA_USAGE = YES_ERROR;
				CLANG_WARN_DOCUMENTATION_COMMENTS = YES;
				CLANG_WARN_EMPTY_BODY = YES;
				CLANG_WARN_ENUM_CONVERSION = YES;
				CLANG_WARN_INFINITE_RECURSION = YES;
				CLANG_WARN_INT_CONVERSION = YES;
				CLANG_WARN_NON_LITERAL_NULL_CONVERSION = YES;
				CLANG_WARN_OBJC_IMPLICIT_RETAIN_SELF = YES;
				CLANG_WARN_OBJC_LITERAL_CONVERSION = YES;
				CLANG_WARN_OBJC_ROOT_CLASS = YES_ERROR;
				CLANG_WARN_RANGE_LOOP_ANALYSIS = YES;
				CLANG_WARN_STRICT_PROTOTYPES = YES;
				CLANG_WARN_SUSPICIOUS_MOVE = YES;
				CLANG_WARN_UNGUARDED_AVAILABILITY = YES_AGGRESSIVE;
				CLANG_WARN_UNREACHABLE_CODE = YES;
				CLANG_WARN__DUPLICATE_METHOD_MATCH = YES;
				CODE_SIGN_IDENTITY = "iPhone Developer";
				COPY_PHASE_STRIP = NO;
				DEBUG_INFORMATION_FORMAT = dwarf;
				ENABLE_STRICT_OBJC_MSGSEND = YES;
				ENABLE_TESTABILITY = YES;
				GCC_C_LANGUAGE_STANDARD = gnu11;
				GCC_DYNAMIC_NO_PIC = NO;
				GCC_NO_COMMON_BLOCKS = YES;
				GCC_OPTIMIZATION_LEVEL = 0;
				GCC_PREPROCESSOR_DEFINITIONS = (
					"DEBUG=1",
					"$(inherited)",
				);
				GCC_WARN_64_TO_32_BIT_CONVERSION = YES;
				GCC_WARN_ABOUT_RETURN_TYPE = YES_ERROR;
				GCC_WARN_UNDECLARED_SELECTOR = YES;
				GCC_WARN_UNINITIALIZED_AUTOS = YES_AGGRESSIVE;
				GCC_WARN_UNUSED_FUNCTION = YES;
				GCC_WARN_UNUSED_VARIABLE = YES;
				IPHONEOS_DEPLOYMENT_TARGET = 12.0;
				MTL_ENABLE_DEBUG_INFO = INCLUDE_SOURCE;
				MTL_FAST_MATH = YES;
				ONLY_ACTIVE_ARCH = YES;
				SDKROOT = iphoneos;
				SWIFT_ACTIVE_COMPILATION_CONDITIONS = DEBUG;
				SWIFT_OPTIMIZATION_LEVEL = "-Onone";
			};
			name = Debug;
		};
		DAEBCD1C20FCDD6A00C716CB /* Release */ = {
			isa = XCBuildConfiguration;
			buildSettings = {
				ALWAYS_SEARCH_USER_PATHS = NO;
				CLANG_ANALYZER_NONNULL = YES;
				CLANG_ANALYZER_NUMBER_OBJECT_CONVERSION = YES_AGGRESSIVE;
				CLANG_CXX_LANGUAGE_STANDARD = "gnu++14";
				CLANG_CXX_LIBRARY = "libc++";
				CLANG_ENABLE_MODULES = YES;
				CLANG_ENABLE_OBJC_ARC = YES;
				CLANG_ENABLE_OBJC_WEAK = YES;
				CLANG_WARN_BLOCK_CAPTURE_AUTORELEASING = YES;
				CLANG_WARN_BOOL_CONVERSION = YES;
				CLANG_WARN_COMMA = YES;
				CLANG_WARN_CONSTANT_CONVERSION = YES;
				CLANG_WARN_DEPRECATED_OBJC_IMPLEMENTATIONS = YES;
				CLANG_WARN_DIRECT_OBJC_ISA_USAGE = YES_ERROR;
				CLANG_WARN_DOCUMENTATION_COMMENTS = YES;
				CLANG_WARN_EMPTY_BODY = YES;
				CLANG_WARN_ENUM_CONVERSION = YES;
				CLANG_WARN_INFINITE_RECURSION = YES;
				CLANG_WARN_INT_CONVERSION = YES;
				CLANG_WARN_NON_LITERAL_NULL_CONVERSION = YES;
				CLANG_WARN_OBJC_IMPLICIT_RETAIN_SELF = YES;
				CLANG_WARN_OBJC_LITERAL_CONVERSION = YES;
				CLANG_WARN_OBJC_ROOT_CLASS = YES_ERROR;
				CLANG_WARN_RANGE_LOOP_ANALYSIS = YES;
				CLANG_WARN_STRICT_PROTOTYPES = YES;
				CLANG_WARN_SUSPICIOUS_MOVE = YES;
				CLANG_WARN_UNGUARDED_AVAILABILITY = YES_AGGRESSIVE;
				CLANG_WARN_UNREACHABLE_CODE = YES;
				CLANG_WARN__DUPLICATE_METHOD_MATCH = YES;
				CODE_SIGN_IDENTITY = "iPhone Developer";
				COPY_PHASE_STRIP = NO;
				DEBUG_INFORMATION_FORMAT = "dwarf-with-dsym";
				ENABLE_NS_ASSERTIONS = NO;
				ENABLE_STRICT_OBJC_MSGSEND = YES;
				GCC_C_LANGUAGE_STANDARD = gnu11;
				GCC_NO_COMMON_BLOCKS = YES;
				GCC_WARN_64_TO_32_BIT_CONVERSION = YES;
				GCC_WARN_ABOUT_RETURN_TYPE = YES_ERROR;
				GCC_WARN_UNDECLARED_SELECTOR = YES;
				GCC_WARN_UNINITIALIZED_AUTOS = YES_AGGRESSIVE;
				GCC_WARN_UNUSED_FUNCTION = YES;
				GCC_WARN_UNUSED_VARIABLE = YES;
				IPHONEOS_DEPLOYMENT_TARGET = 12.0;
				MTL_ENABLE_DEBUG_INFO = NO;
				MTL_FAST_MATH = YES;
				SDKROOT = iphoneos;
				SWIFT_COMPILATION_MODE = wholemodule;
				SWIFT_OPTIMIZATION_LEVEL = "-O";
				VALIDATE_PRODUCT = YES;
			};
			name = Release;
		};
		DAEBCD1E20FCDD6A00C716CB /* Debug */ = {
			isa = XCBuildConfiguration;
			buildSettings = {
				ASSETCATALOG_COMPILER_APPICON_NAME = AppIcon;
				CODE_SIGN_STYLE = Automatic;
				FRAMEWORK_SEARCH_PATHS = (
					"$(inherited)",
					"$(PROJECT_DIR)/Carthage/Build/iOS",
				);
				INFOPLIST_FILE = CIFIlterSampler/Info.plist;
				LD_RUNPATH_SEARCH_PATHS = (
					"$(inherited)",
					"@executable_path/Frameworks",
				);
				PRODUCT_BUNDLE_IDENTIFIER = com.shotanakagami.CIFIlterSampler;
				PRODUCT_NAME = "$(TARGET_NAME)";
				SWIFT_VERSION = 4.2;
				TARGETED_DEVICE_FAMILY = "1,2";
			};
			name = Debug;
		};
		DAEBCD1F20FCDD6A00C716CB /* Release */ = {
			isa = XCBuildConfiguration;
			buildSettings = {
				ASSETCATALOG_COMPILER_APPICON_NAME = AppIcon;
				CODE_SIGN_STYLE = Automatic;
				FRAMEWORK_SEARCH_PATHS = (
					"$(inherited)",
					"$(PROJECT_DIR)/Carthage/Build/iOS",
				);
				INFOPLIST_FILE = CIFIlterSampler/Info.plist;
				LD_RUNPATH_SEARCH_PATHS = (
					"$(inherited)",
					"@executable_path/Frameworks",
				);
				PRODUCT_BUNDLE_IDENTIFIER = com.shotanakagami.CIFIlterSampler;
				PRODUCT_NAME = "$(TARGET_NAME)";
				SWIFT_VERSION = 4.2;
				TARGETED_DEVICE_FAMILY = "1,2";
			};
			name = Release;
		};
/* End XCBuildConfiguration section */

/* Begin XCConfigurationList section */
		DAEBCD0620FCDD6800C716CB /* Build configuration list for PBXProject "CIFIlterSampler" */ = {
			isa = XCConfigurationList;
			buildConfigurations = (
				DAEBCD1B20FCDD6A00C716CB /* Debug */,
				DAEBCD1C20FCDD6A00C716CB /* Release */,
			);
			defaultConfigurationIsVisible = 0;
			defaultConfigurationName = Release;
		};
		DAEBCD1D20FCDD6A00C716CB /* Build configuration list for PBXNativeTarget "CIFIlterSampler" */ = {
			isa = XCConfigurationList;
			buildConfigurations = (
				DAEBCD1E20FCDD6A00C716CB /* Debug */,
				DAEBCD1F20FCDD6A00C716CB /* Release */,
			);
			defaultConfigurationIsVisible = 0;
			defaultConfigurationName = Release;
		};
/* End XCConfigurationList section */
	};
	rootObject = DAEBCD0320FCDD6800C716CB /* Project object */;
}
